
Microsoft Visual Studio Solution File, Format Version 12.00
# Visual Studio Version 16
VisualStudioVersion = 16.0.29709.97
MinimumVisualStudioVersion = 10.0.40219.1
Project("{FAE04EC0-301F-11D3-BF4B-00C04F79EFBC}") = "EscapeRoom", "EscapeRoom\EscapeRoom.csproj", "{45D9F88A-7D05-4536-867E-482B5B6DC9E8}"
EndProject
Global
	GlobalSection(SolutionConfigurationPlatforms) = preSolution
		Debug|Any CPU = Debug|Any CPU
		Release|Any CPU = Release|Any CPU
	EndGlobalSection
	GlobalSection(ProjectConfigurationPlatforms) = postSolution
		{45D9F88A-7D05-4536-867E-482B5B6DC9E8}.Debug|Any CPU.ActiveCfg = Debug|Any CPU
		{45D9F88A-7D05-4536-867E-482B5B6DC9E8}.Debug|Any CPU.Build.0 = Debug|Any CPU
		{45D9F88A-7D05-4536-867E-482B5B6DC9E8}.Release|Any CPU.ActiveCfg = Release|Any CPU
		{45D9F88A-7D05-4536-867E-482B5B6DC9E8}.Release|Any CPU.Build.0 = Release|Any CPU
	EndGlobalSection
	GlobalSection(SolutionProperties) = preSolution
		HideSolutionNode = FALSE
	EndGlobalSection
	GlobalSection(ExtensibilityGlobals) = postSolution
		SolutionGuid = {EC8F2D3D-1329-4F3B-A3BF-55B2DBF77CE3}
	EndGlobalSection
EndGlobal
